<?xml version="1.0" encoding="utf-8"?>
<Project ToolsVersion="4.0" xmlns="http://schemas.microsoft.com/developer/msbuild/2003">
  <ItemGroup>
    <Filter Include="Source Files">
      <UniqueIdentifier>{4FC737F1-C7A5-4376-A066-2A32D752A2FF}</UniqueIdentifier>
      <Extensions>qml;cpp;c;cc;cxx;def;odl;idl;hpj;bat;asm;asmx</Extensions>
    </Filter>
    <Filter Include="Header Files">
      <UniqueIdentifier>{93995380-89BD-4b04-88EB-625FBE52EBFB}</UniqueIdentifier>
      <Extensions>h;hh;hpp;hxx;hm;inl;inc;xsd</Extensions>
    </Filter>
    <Filter Include="Resource Files">
      <UniqueIdentifier>{67DA6AB6-F800-4c08-8B7A-83BB121AAD01}</UniqueIdentifier>
      <Extensions>qrc;rc;ico;cur;bmp;dlg;rc2;rct;bin;rgs;gif;jpg;jpeg;jpe;resx;tiff;tif;png;wav;mfcribbon-ms</Extensions>
    </Filter>
    <Filter Include="Form Files">
      <UniqueIdentifier>{99349809-55BA-4b9d-BF79-8FDBB0286EB3}</UniqueIdentifier>
      <Extensions>ui</Extensions>
    </Filter>
    <Filter Include="Translation Files">
      <UniqueIdentifier>{639EADAA-A684-42e4-A9AD-28FC9BCB8F7C}</UniqueIdentifier>
      <Extensions>ts</Extensions>
    </Filter>
  </ItemGroup>
  <ItemGroup>
    <QtRcc Include="PixInpainter.qrc">
      <Filter>Resource Files</Filter>
    </QtRcc>
    <QtUic Include="PixInpainter.ui">
      <Filter>Form Files</Filter>
    </QtUic>
    <QtMoc Include="PixInpainter.h">
      <Filter>Header Files</Filter>
    </QtMoc>
    <ClCompile Include="PixInpainter.cpp">
      <Filter>Source Files</Filter>
    </ClCompile>
  </ItemGroup>
  <ItemGroup>
    <ClCompile Include="main.cpp">
      <Filter>Source Files</Filter>
    </ClCompile>
    <ClCompile Include="AICompletionController.cpp">
      <Filter>Source Files</Filter>
    </ClCompile>
    <ClCompile Include="AICompletionModel.cpp">
      <Filter>Source Files</Filter>
    </ClCompile>
    <ClCompile Include="AICompletionWidget.cpp">
      <Filter>Source Files</Filter>
    </ClCompile>
    <ClCompile Include="CanvasColor.cpp">
      <Filter>Source Files</Filter>
    </ClCompile>
    <ClCompile Include="CanvasImage.cpp">
      <Filter>Source Files</Filter>
    </ClCompile>
    <ClCompile Include="CanvasModel.cpp">
      <Filter>Source Files</Filter>
    </ClCompile>
    <ClCompile Include="CanvasPainter.cpp">
      <Filter>Source Files</Filter>
    </ClCompile>
    <ClCompile Include="CanvasPen.cpp">
      <Filter>Source Files</Filter>
    </ClCompile>
    <ClCompile Include="CanvasPoint.cpp">
      <Filter>Source Files</Filter>
    </ClCompile>
    <ClCompile Include="CanvasRect.cpp">
      <Filter>Source Files</Filter>
    </ClCompile>
    <ClCompile Include="PaintController.cpp">
      <Filter>Source Files</Filter>
    </ClCompile>
    <ClCompile Include="PaintWidget.cpp">
      <Filter>Source Files</Filter>
    </ClCompile>
    <ClCompile Include="ToolStrategies.cpp">
      <Filter>Source Files</Filter>
    </ClCompile>
    <ClCompile Include="ToolStrategyFactory.cpp">
      <Filter>Source Files</Filter>
    </ClCompile>
    <ClCompile Include="UiToolStrategies.cpp">
      <Filter>Source Files</Filter>
    </ClCompile>
    <ClCompile Include="UiToolStrategyFactory.cpp">
      <Filter>Source Files</Filter>
    </ClCompile>
    <ClCompile Include="ZoomableImageWidget.cpp">
      <Filter>Source Files</Filter>
    </ClCompile>
  </ItemGroup>
  <ItemGroup>
    <ClInclude Include="CanvasColor.h">
      <Filter>Header Files</Filter>
    </ClInclude>
    <ClInclude Include="CanvasImage.h">
      <Filter>Header Files</Filter>
    </ClInclude>
    <ClInclude Include="CanvasModel.h">
      <Filter>Header Files</Filter>
    </ClInclude>
    <ClInclude Include="CanvasPainter.h">
      <Filter>Header Files</Filter>
    </ClInclude>
    <ClInclude Include="CanvasPen.h">
      <Filter>Header Files</Filter>
    </ClInclude>
    <ClInclude Include="CanvasPoint.h">
      <Filter>Header Files</Filter>
    </ClInclude>
    <ClInclude Include="CanvasRect.h">
      <Filter>Header Files</Filter>
    </ClInclude>
    <ClInclude Include="Enums.h">
      <Filter>Header Files</Filter>
    </ClInclude>
    <ClInclude Include="ICanvasColor.h">
      <Filter>Header Files</Filter>
    </ClInclude>
    <ClInclude Include="ICanvasImage.h">
      <Filter>Header Files</Filter>
    </ClInclude>
    <ClInclude Include="ICanvasModel.h">
      <Filter>Header Files</Filter>
    </ClInclude>
    <ClInclude Include="ICanvasPainter.h">
      <Filter>Header Files</Filter>
    </ClInclude>
    <ClInclude Include="ICanvasPen.h">
      <Filter>Header Files</Filter>
    </ClInclude>
    <ClInclude Include="ICanvasPoint.h">
      <Filter>Header Files</Filter>
    </ClInclude>
    <ClInclude Include="ICanvasRect.h">
      <Filter>Header Files</Filter>
    </ClInclude>
    <ClInclude Include="IToolStrategy.h">
      <Filter>Header Files</Filter>
    </ClInclude>
    <ClInclude Include="IUiToolStrategy.h">
      <Filter>Header Files</Filter>
    </ClInclude>
    <ClInclude Include="ToolStrategies.h">
      <Filter>Header Files</Filter>
    </ClInclude>
    <ClInclude Include="ToolStrategyFactory.h">
      <Filter>Header Files</Filter>
    </ClInclude>
    <ClInclude Include="UiToolStrategies.h">
      <Filter>Header Files</Filter>
    </ClInclude>
    <ClInclude Include="UiToolStrategyFactory.h">
      <Filter>Header Files</Filter>
    </ClInclude>
  </ItemGroup>
  <ItemGroup>
    <QtMoc Include="AICompletionWidget.h">
      <Filter>Header Files</Filter>
    </QtMoc>
    <QtMoc Include="PaintController.h">
      <Filter>Header Files</Filter>
    </QtMoc>
    <QtMoc Include="PaintWidget.h">
      <Filter>Header Files</Filter>
    </QtMoc>
    <QtMoc Include="ZoomableImageWidget.h">
      <Filter>Header Files</Filter>
    </QtMoc>
    <QtMoc Include="AICompletionModel.h">
      <Filter>Header Files</Filter>
    </QtMoc>
    <QtMoc Include="AICompletionController.h">
      <Filter>Header Files</Filter>
    </QtMoc>
  </ItemGroup>
  <ItemGroup>
    <QtUic Include="PaintWidget.ui">
      <Filter>Form Files</Filter>
    </QtUic>
  </ItemGroup>
</Project>